
Microsoft Visual Studio Solution File, Format Version 12.00
# Visual Studio Version 17
VisualStudioVersion = 17.1.32319.34
MinimumVisualStudioVersion = 10.0.40219.1
Project("{E24C65DC-7377-472B-9ABA-BC803B73C61A}") = "legion", "http://localhost:5662", "{35234BAC-DF57-405E-B9DA-493D1677B6F8}"
	ProjectSection(WebsiteProperties) = preProject
		UseIISExpress = "true"
		TargetFrameworkMoniker = ".NETFramework,Version%3Dv4.5"
		Debug.AspNetCompiler.VirtualPath = "/localhost_5662"
		Debug.AspNetCompiler.PhysicalPath = "..\..\..\OneDrive\Документы\My Web Sites\legion\"
		Debug.AspNetCompiler.TargetPath = "PrecompiledWeb\localhost_5662\"
		Debug.AspNetCompiler.Updateable = "true"
		Debug.AspNetCompiler.ForceOverwrite = "true"
		Debug.AspNetCompiler.FixedNames = "false"
		Debug.AspNetCompiler.Debug = "True"
		Release.AspNetCompiler.VirtualPath = "/localhost_5662"
		Release.AspNetCompiler.PhysicalPath = "..\..\..\OneDrive\Документы\My Web Sites\legion\"
		Release.AspNetCompiler.TargetPath = "PrecompiledWeb\localhost_5662\"
		Release.AspNetCompiler.Updateable = "true"
		Release.AspNetCompiler.ForceOverwrite = "true"
		Release.AspNetCompiler.FixedNames = "false"
		Release.AspNetCompiler.Debug = "False"
		SlnRelativePath = "..\..\..\OneDrive\Документы\My Web Sites\legion\"
	EndProjectSection
EndProject
Global
	GlobalSection(SolutionConfigurationPlatforms) = preSolution
		Debug|Any CPU = Debug|Any CPU
	EndGlobalSection
	GlobalSection(ProjectConfigurationPlatforms) = postSolution
		{35234BAC-DF57-405E-B9DA-493D1677B6F8}.Debug|Any CPU.ActiveCfg = Debug|Any CPU
		{35234BAC-DF57-405E-B9DA-493D1677B6F8}.Debug|Any CPU.Build.0 = Debug|Any CPU
	EndGlobalSection
	GlobalSection(SolutionProperties) = preSolution
		HideSolutionNode = FALSE
	EndGlobalSection
	GlobalSection(ExtensibilityGlobals) = postSolution
		SolutionGuid = {6CD8D62A-2423-48C7-AEE0-0D3D984BD29D}
	EndGlobalSection
EndGlobal
